
Microsoft Visual Studio Solution File, Format Version 12.00
# Visual Studio Version 16
VisualStudioVersion = 16.0.29613.14
MinimumVisualStudioVersion = 10.0.40219.1
Project("{9A19103F-16F7-4668-BE54-9A1E7A4F7556}") = "CodeGenerator", "CodeGenerator.csproj", "{F9555F95-310D-4C7D-9969-DCBD26EB1131}"
EndProject
Global
	GlobalSection(SolutionConfigurationPlatforms) = preSolution
		Debug|Any CPU = Debug|Any CPU
		Release|Any CPU = Release|Any CPU
	EndGlobalSection
	GlobalSection(ProjectConfigurationPlatforms) = postSolution
		{F9555F95-310D-4C7D-9969-DCBD26EB1131}.Debug|Any CPU.ActiveCfg = Debug|Any CPU
		{F9555F95-310D-4C7D-9969-DCBD26EB1131}.Debug|Any CPU.Build.0 = Debug|Any CPU
		{F9555F95-310D-4C7D-9969-DCBD26EB1131}.Release|Any CPU.ActiveCfg = Release|Any CPU
		{F9555F95-310D-4C7D-9969-DCBD26EB1131}.Release|Any CPU.Build.0 = Release|Any CPU
	EndGlobalSection
	GlobalSection(SolutionProperties) = preSolution
		HideSolutionNode = FALSE
	EndGlobalSection
	GlobalSection(ExtensibilityGlobals) = postSolution
		SolutionGuid = {B381C7B4-73CB-49C5-9E5A-93FFC66BC5B0}
	EndGlobalSection
EndGlobal
